Microsoft Visual Studio Solution File, Format Version 12.00
# Visual Studio Version 17
VisualStudioVersion = 17.5.2.0
MinimumVisualStudioVersion = 10.0.40219.1
Project("{FAE04EC0-301F-11D3-BF4B-00C04F79EFBC}") = "order_manager", "order_manager.csproj", "{58DDBEE4-4C49-218E-A3D3-77CECFA37849}"
EndProject
Global
	GlobalSection(SolutionConfigurationPlatforms) = preSolution
		Debug|Any CPU = Debug|Any CPU
		Release|Any CPU = Release|Any CPU
	EndGlobalSection
	GlobalSection(ProjectConfigurationPlatforms) = postSolution
		{58DDBEE4-4C49-218E-A3D3-77CECFA37849}.Debug|Any CPU.ActiveCfg = Debug|Any CPU
		{58DDBEE4-4C49-218E-A3D3-77CECFA37849}.Debug|Any CPU.Build.0 = Debug|Any CPU
		{58DDBEE4-4C49-218E-A3D3-77CECFA37849}.Release|Any CPU.ActiveCfg = Release|Any CPU
		{58DDBEE4-4C49-218E-A3D3-77CECFA37849}.Release|Any CPU.Build.0 = Release|Any CPU
	EndGlobalSection
	GlobalSection(SolutionProperties) = preSolution
		HideSolutionNode = FALSE
	EndGlobalSection
	GlobalSection(ExtensibilityGlobals) = postSolution
		SolutionGuid = {5628D058-6E1C-4EA1-A195-830B54F9AF5B}
	EndGlobalSection
EndGlobal
